
Microsoft Visual Studio Solution File, Format Version 12.00
# Visual Studio Express 2012 for Windows Desktop
Project("{8BC9CEB8-8B4A-11D0-8D11-00A0C91BC942}") = "3D", "3D\3D.vcxproj", "{D85052A2-E726-4CF5-860B-9403A4E020DD}"
EndProject
Global
	GlobalSection(SolutionConfigurationPlatforms) = preSolution
		Debug|Win32 = Debug|Win32
		Release|Win32 = Release|Win32
	EndGlobalSection
	GlobalSection(ProjectConfigurationPlatforms) = postSolution
		{D85052A2-E726-4CF5-860B-9403A4E020DD}.Debug|Win32.ActiveCfg = Debug|Win32
		{D85052A2-E726-4CF5-860B-9403A4E020DD}.Debug|Win32.Build.0 = Debug|Win32
		{D85052A2-E726-4CF5-860B-9403A4E020DD}.Release|Win32.ActiveCfg = Release|Win32
		{D85052A2-E726-4CF5-860B-9403A4E020DD}.Release|Win32.Build.0 = Release|Win32
	EndGlobalSection
	GlobalSection(SolutionProperties) = preSolution
		HideSolutionNode = FALSE
	EndGlobalSection
EndGlobal
